
Microsoft Visual Studio Solution File, Format Version 12.00
# Visual Studio Version 16
VisualStudioVersion = 16.0.30114.105
MinimumVisualStudioVersion = 10.0.40219.1
Project("{FAE04EC0-301F-11D3-BF4B-00C04F79EFBC}") = "Demo.Service", "Demo.Service\Demo.Service.csproj", "{A47C84E9-05D2-4E1D-A959-75149F96E8B4}"
EndProject
Project("{FAE04EC0-301F-11D3-BF4B-00C04F79EFBC}") = "Demo.WebApp", "Demo.WebApp\Demo.WebApp.csproj", "{3B416F68-4A76-4D66-A100-293808EDBE91}"
EndProject
Global
	GlobalSection(SolutionConfigurationPlatforms) = preSolution
		Debug|Any CPU = Debug|Any CPU
		Release|Any CPU = Release|Any CPU
	EndGlobalSection
	GlobalSection(SolutionProperties) = preSolution
		HideSolutionNode = FALSE
	EndGlobalSection
	GlobalSection(ProjectConfigurationPlatforms) = postSolution
		{A47C84E9-05D2-4E1D-A959-75149F96E8B4}.Debug|Any CPU.ActiveCfg = Debug|Any CPU
		{A47C84E9-05D2-4E1D-A959-75149F96E8B4}.Debug|Any CPU.Build.0 = Debug|Any CPU
		{A47C84E9-05D2-4E1D-A959-75149F96E8B4}.Release|Any CPU.ActiveCfg = Release|Any CPU
		{A47C84E9-05D2-4E1D-A959-75149F96E8B4}.Release|Any CPU.Build.0 = Release|Any CPU
		{3B416F68-4A76-4D66-A100-293808EDBE91}.Debug|Any CPU.ActiveCfg = Debug|Any CPU
		{3B416F68-4A76-4D66-A100-293808EDBE91}.Debug|Any CPU.Build.0 = Debug|Any CPU
		{3B416F68-4A76-4D66-A100-293808EDBE91}.Release|Any CPU.ActiveCfg = Release|Any CPU
		{3B416F68-4A76-4D66-A100-293808EDBE91}.Release|Any CPU.Build.0 = Release|Any CPU
	EndGlobalSection
EndGlobal
